packages:
  - name: elementary
    package: elementary-data/elementary
    version: 0.22.1
  - name: dbt_utils
    package: dbt-labs/dbt_utils
    version: 1.1.1
  - git: https://github.com/accelerate-data/vd-dbt-elementary-fabricspark.git
    name: elementary_fabricspark
    revision: 3c24edd3418fc726dacb4d40c94940876e096a09
sha1_hash: 2d22c2cea89b4db85afd1d1cd13df5c4fae21f29
